
Microsoft Visual Studio Solution File, Format Version 12.00
# Visual Studio Version 17
VisualStudioVersion = 17.8.34309.116
MinimumVisualStudioVersion = 10.0.40219.1
Project("{FAE04EC0-301F-11D3-BF4B-00C04F79EFBC}") = "ApiUfoCasesNet8", "ApiUfoCasesNet8.csproj", "{B86AC0A2-8432-48A6-82B0-EF5E557F092F}"
EndProject
Global
	GlobalSection(SolutionConfigurationPlatforms) = preSolution
		Debug|Any CPU = Debug|Any CPU
		Release|Any CPU = Release|Any CPU
	EndGlobalSection
	GlobalSection(ProjectConfigurationPlatforms) = postSolution
		{B86AC0A2-8432-48A6-82B0-EF5E557F092F}.Debug|Any CPU.ActiveCfg = Debug|Any CPU
		{B86AC0A2-8432-48A6-82B0-EF5E557F092F}.Debug|Any CPU.Build.0 = Debug|Any CPU
		{B86AC0A2-8432-48A6-82B0-EF5E557F092F}.Release|Any CPU.ActiveCfg = Release|Any CPU
		{B86AC0A2-8432-48A6-82B0-EF5E557F092F}.Release|Any CPU.Build.0 = Release|Any CPU
	EndGlobalSection
	GlobalSection(SolutionProperties) = preSolution
		HideSolutionNode = FALSE
	EndGlobalSection
	GlobalSection(ExtensibilityGlobals) = postSolution
		SolutionGuid = {82326F95-436C-4775-A22B-15D0C0FB92AB}
	EndGlobalSection
EndGlobal
